
Microsoft Visual Studio Solution File, Format Version 12.00
# Visual Studio Version 16
VisualStudioVersion = 16.0.30309.148
MinimumVisualStudioVersion = 10.0.40219.1
Project("{FAE04EC0-301F-11D3-BF4B-00C04F79EFBC}") = "Poc_Cache", "Poc_Cache\Poc_Cache.csproj", "{45D49C86-CF28-41D8-9545-3A5EE9595753}"
EndProject
Global
	GlobalSection(SolutionConfigurationPlatforms) = preSolution
		Debug|Any CPU = Debug|Any CPU
		Release|Any CPU = Release|Any CPU
	EndGlobalSection
	GlobalSection(ProjectConfigurationPlatforms) = postSolution
		{45D49C86-CF28-41D8-9545-3A5EE9595753}.Debug|Any CPU.ActiveCfg = Debug|Any CPU
		{45D49C86-CF28-41D8-9545-3A5EE9595753}.Debug|Any CPU.Build.0 = Debug|Any CPU
		{45D49C86-CF28-41D8-9545-3A5EE9595753}.Release|Any CPU.ActiveCfg = Release|Any CPU
		{45D49C86-CF28-41D8-9545-3A5EE9595753}.Release|Any CPU.Build.0 = Release|Any CPU
	EndGlobalSection
	GlobalSection(SolutionProperties) = preSolution
		HideSolutionNode = FALSE
	EndGlobalSection
	GlobalSection(ExtensibilityGlobals) = postSolution
		SolutionGuid = {6DC46800-0A04-4E4A-BE1B-57F2B13F5453}
	EndGlobalSection
EndGlobal
